PODS:
  - Alamofire (4.4.0)
  - BEMCheckBox (1.4.0)
  - Charts (3.0.2):
    - Charts/Core (= 3.0.2)
  - Charts/Core (3.0.2)
  - CoreStore (3.1.0)
  - DZNEmptyDataSet (1.8.1)
  - IQKeyboardManagerSwift (4.0.9)
  - JVFloatLabeledTextField (1.1.1)
  - KeychainAccess (3.0.2)
  - MBCircularProgressBar (0.3.5)
  - PopupDialog (0.5.4)
  - Solar (2.0.0)
  - SwiftyJSON (3.1.4)

DEPENDENCIES:
  - Alamofire (~> 4.0)
  - BEMCheckBox
  - Charts
  - CoreStore
  - DZNEmptyDataSet
  - IQKeyboardManagerSwift
  - JVFloatLabeledTextField
  - KeychainAccess
  - MBCircularProgressBar
  - PopupDialog (~> 0.5)
  - Solar
  - SwiftyJSON

SPEC CHECKSUMS:
  Alamofire: dc44b1600b800eb63da6a19039a0083d62a6a62d
  BEMCheckBox: e18e4a148905b290bd03d98b767651c104f4eda3
  Charts: 236d6ccdd0ce6feae151d89e829a7397381a21fd
  CoreStore: 30b67eaf4204f33facd2b5605366ed684ad446b4
  DZNEmptyDataSet: 9525833b9e68ac21c30253e1d3d7076cc828eaa7
  IQKeyboardManagerSwift: 2eefe6c429b86aa08bfbc1b5c891164d754adf91
  JVFloatLabeledTextField: 0e5524b097f102036214dd8279edc8ecf08b5e18
  KeychainAccess: a986406022dfc7c634c691ad3bec670cc6a32002
  MBCircularProgressBar: 0b795b722a5eb5b0923822f90474e2576a1a7855
  PopupDialog: 75cf955693590b0cb2fdde00223fb65d99c57247
  Solar: ea092f7660c1b58d2b754227decb61a1c6710826
  SwiftyJSON: c2842d878f95482ffceec5709abc3d05680c0220

PODFILE CHECKSUM: f6143fe07a4e93cf71193b2d27d185ea78b3b825

COCOAPODS: 1.2.1
