PODS:
  - Alamofire (4.7.2)
  - BEMCheckBox (1.4.1)
  - Charts (3.1.1):
    - Charts/Core (= 3.1.1)
  - Charts/Core (3.1.1)
  - CoreStore (5.1.1)
  - DynamicBlurView (2.0.2)
  - DZNEmptyDataSet (1.8.1)
  - IQKeyboardManagerSwift (6.0.4)
  - JVFloatLabeledTextField (1.2.1)
  - KeychainAccess (3.1.1)
  - MBCircularProgressBar (0.3.5)
  - PopupDialog (0.7.1):
    - DynamicBlurView (~> 2.0)
  - Solar (2.1.0)
  - SwiftyJSON (4.1.0)

DEPENDENCIES:
  - Alamofire (~> 4.0)
  - BEMCheckBox
  - Charts
  - CoreStore
  - DZNEmptyDataSet
  - IQKeyboardManagerSwift
  - JVFloatLabeledTextField
  - KeychainAccess
  - MBCircularProgressBar
  - PopupDialog (~> 0.5)
  - Solar
  - SwiftyJSON

SPEC CHECKSUMS:
  Alamofire: e4fa87002c137ba2d8d634d2c51fabcda0d5c223
  BEMCheckBox: 5ba6e37ade3d3657b36caecc35c8b75c6c2b1a4e
  Charts: 90a4d61da0f6e06684c591e3bcab11940fe61736
  CoreStore: 40c48542f6d48b825326fbc3a6f5934e3353533b
  DynamicBlurView: aa6db4defc6e537eb86fc5e58dd3991666178399
  DZNEmptyDataSet: 9525833b9e68ac21c30253e1d3d7076cc828eaa7
  IQKeyboardManagerSwift: 36dbe324b4f9793f5f41ba5227f3e7c76dfefd50
  JVFloatLabeledTextField: cfc44e3c4d493b2ed92ede8035e8e89c2912ba64
  KeychainAccess: 7bd430028059754a3debab3cfc0bd1fc7fb85df3
  MBCircularProgressBar: 0b795b722a5eb5b0923822f90474e2576a1a7855
  PopupDialog: 39598b7d41719f5c025b4b70e62728bae7734fef
  Solar: 2dc6e7cc39186cb0c8228fa08df76fb50c7d8f24
  SwiftyJSON: c29297daf073d2aa016295d5809cdd68045c39b3

PODFILE CHECKSUM: 73f54754970f6c840d0ff024eace8ac81d5b116c

COCOAPODS: 1.4.0.beta.2
